
Microsoft Visual Studio Solution File, Format Version 12.00
# Visual Studio Version 17
VisualStudioVersion = 17.4.33213.308
MinimumVisualStudioVersion = 10.0.40219.1
Project("{FAE04EC0-301F-11D3-BF4B-00C04F79EFBC}") = "BancoDigital.Android", "BancoDigital\BancoDigital.Android\BancoDigital.Android.csproj", "{4D9FF2D5-2618-40C1-8739-B04B0439CA80}"
EndProject
Project("{FAE04EC0-301F-11D3-BF4B-00C04F79EFBC}") = "BancoDigital", "BancoDigital\BancoDigital\BancoDigital.csproj", "{27907706-54EC-4CAE-9AE5-403AC868BCDE}"
EndProject
Global
	GlobalSection(SolutionConfigurationPlatforms) = preSolution
		Debug|Any CPU = Debug|Any CPU
		Release|Any CPU = Release|Any CPU
	EndGlobalSection
	GlobalSection(ProjectConfigurationPlatforms) = postSolution
		{4D9FF2D5-2618-40C1-8739-B04B0439CA80}.Debug|Any CPU.ActiveCfg = Debug|Any CPU
		{4D9FF2D5-2618-40C1-8739-B04B0439CA80}.Debug|Any CPU.Build.0 = Debug|Any CPU
		{4D9FF2D5-2618-40C1-8739-B04B0439CA80}.Debug|Any CPU.Deploy.0 = Debug|Any CPU
		{4D9FF2D5-2618-40C1-8739-B04B0439CA80}.Release|Any CPU.ActiveCfg = Release|Any CPU
		{4D9FF2D5-2618-40C1-8739-B04B0439CA80}.Release|Any CPU.Build.0 = Release|Any CPU
		{4D9FF2D5-2618-40C1-8739-B04B0439CA80}.Release|Any CPU.Deploy.0 = Release|Any CPU
		{27907706-54EC-4CAE-9AE5-403AC868BCDE}.Debug|Any CPU.ActiveCfg = Debug|Any CPU
		{27907706-54EC-4CAE-9AE5-403AC868BCDE}.Debug|Any CPU.Build.0 = Debug|Any CPU
		{27907706-54EC-4CAE-9AE5-403AC868BCDE}.Debug|Any CPU.Deploy.0 = Debug|Any CPU
		{27907706-54EC-4CAE-9AE5-403AC868BCDE}.Release|Any CPU.ActiveCfg = Release|Any CPU
		{27907706-54EC-4CAE-9AE5-403AC868BCDE}.Release|Any CPU.Build.0 = Release|Any CPU
		{27907706-54EC-4CAE-9AE5-403AC868BCDE}.Release|Any CPU.Deploy.0 = Release|Any CPU
	EndGlobalSection
	GlobalSection(SolutionProperties) = preSolution
		HideSolutionNode = FALSE
	EndGlobalSection
	GlobalSection(ExtensibilityGlobals) = postSolution
		SolutionGuid = {C578A238-9DC9-47E5-AA9B-31F64236189D}
	EndGlobalSection
EndGlobal
